{
  "name": "test_lib_consumer",
  "version": "1.0.0",
  "lockfileVersion": 1,
  "requires": true,
  "dependencies": {
    "test_lib": {
      "version": "git+https://github.com/hkoide0321/test_lib.git#f52ca26f007ca9c92ea0a122d7caab508b82041a",
      "from": "git+https://github.com/hkoide0321/test_lib.git"
    }
  }
}
