{
  "name": "test_lib_consumer",
  "version": "1.0.0",
  "lockfileVersion": 1,
  "requires": true,
  "dependencies": {
    "test_lib": {
      "version": "git+https://github.com/hkoide0321/test_lib.git#de7a1f6ae5247dbd4f983894f532bba0139ae5d1",
      "from": "git+https://github.com/hkoide0321/test_lib.git"
    }
  }
}
